
Microsoft Visual Studio Solution File, Format Version 12.00
# Visual Studio Version 16
VisualStudioVersion = 16.0.30011.22
MinimumVisualStudioVersion = 10.0.40219.1
Project("{FAE04EC0-301F-11D3-BF4B-00C04F79EFBC}") = "DummyHttp", "DummyHttp\DummyHttp.csproj", "{4AFFFDCC-2348-498F-A009-C7190A492479}"
EndProject
Global
	GlobalSection(SolutionConfigurationPlatforms) = preSolution
		Debug|Any CPU = Debug|Any CPU
		Release|Any CPU = Release|Any CPU
	EndGlobalSection
	GlobalSection(ProjectConfigurationPlatforms) = postSolution
		{4AFFFDCC-2348-498F-A009-C7190A492479}.Debug|Any CPU.ActiveCfg = Debug|Any CPU
		{4AFFFDCC-2348-498F-A009-C7190A492479}.Debug|Any CPU.Build.0 = Debug|Any CPU
		{4AFFFDCC-2348-498F-A009-C7190A492479}.Release|Any CPU.ActiveCfg = Release|Any CPU
		{4AFFFDCC-2348-498F-A009-C7190A492479}.Release|Any CPU.Build.0 = Release|Any CPU
	EndGlobalSection
	GlobalSection(SolutionProperties) = preSolution
		HideSolutionNode = FALSE
	EndGlobalSection
	GlobalSection(ExtensibilityGlobals) = postSolution
		SolutionGuid = {E3B68A05-F61C-4476-BDBB-6821099AF326}
	EndGlobalSection
EndGlobal
